
Microsoft Visual Studio Solution File, Format Version 12.00
# Visual Studio Version 17
VisualStudioVersion = 17.0.31717.71
MinimumVisualStudioVersion = 10.0.40219.1
Project("{9A19103F-16F7-4668-BE54-9A1E7A4F7556}") = "Template", "Template and Visitor\Template.csproj", "{CC0CEF89-D7E9-4C78-87C0-51104B82BE69}"
EndProject
Project("{FAE04EC0-301F-11D3-BF4B-00C04F79EFBC}") = "Visitor", "Visitor\Visitor.csproj", "{DAF0B194-BD48-44CB-AE8B-8A567626CAF9}"
EndProject
Global
	GlobalSection(SolutionConfigurationPlatforms) = preSolution
		Debug|Any CPU = Debug|Any CPU
		Release|Any CPU = Release|Any CPU
	EndGlobalSection
	GlobalSection(ProjectConfigurationPlatforms) = postSolution
		{CC0CEF89-D7E9-4C78-87C0-51104B82BE69}.Debug|Any CPU.ActiveCfg = Debug|Any CPU
		{CC0CEF89-D7E9-4C78-87C0-51104B82BE69}.Debug|Any CPU.Build.0 = Debug|Any CPU
		{CC0CEF89-D7E9-4C78-87C0-51104B82BE69}.Release|Any CPU.ActiveCfg = Release|Any CPU
		{CC0CEF89-D7E9-4C78-87C0-51104B82BE69}.Release|Any CPU.Build.0 = Release|Any CPU
		{DAF0B194-BD48-44CB-AE8B-8A567626CAF9}.Debug|Any CPU.ActiveCfg = Debug|Any CPU
		{DAF0B194-BD48-44CB-AE8B-8A567626CAF9}.Debug|Any CPU.Build.0 = Debug|Any CPU
		{DAF0B194-BD48-44CB-AE8B-8A567626CAF9}.Release|Any CPU.ActiveCfg = Release|Any CPU
		{DAF0B194-BD48-44CB-AE8B-8A567626CAF9}.Release|Any CPU.Build.0 = Release|Any CPU
	EndGlobalSection
	GlobalSection(SolutionProperties) = preSolution
		HideSolutionNode = FALSE
	EndGlobalSection
	GlobalSection(ExtensibilityGlobals) = postSolution
		SolutionGuid = {8B099903-DB5E-485C-A038-224189B44F55}
	EndGlobalSection
EndGlobal
